
Microsoft Visual Studio Solution File, Format Version 12.00
# Visual Studio Version 17
VisualStudioVersion = 17.4.33213.308
MinimumVisualStudioVersion = 10.0.40219.1
Project("{FAE04EC0-301F-11D3-BF4B-00C04F79EFBC}") = "RefObject", "RefObject\RefObject.csproj", "{BEC339EB-1128-4865-931A-D2DD2F6F966B}"
EndProject
Global
	GlobalSection(SolutionConfigurationPlatforms) = preSolution
		Debug|Any CPU = Debug|Any CPU
		Release|Any CPU = Release|Any CPU
	EndGlobalSection
	GlobalSection(ProjectConfigurationPlatforms) = postSolution
		{BEC339EB-1128-4865-931A-D2DD2F6F966B}.Debug|Any CPU.ActiveCfg = Debug|Any CPU
		{BEC339EB-1128-4865-931A-D2DD2F6F966B}.Debug|Any CPU.Build.0 = Debug|Any CPU
		{BEC339EB-1128-4865-931A-D2DD2F6F966B}.Release|Any CPU.ActiveCfg = Release|Any CPU
		{BEC339EB-1128-4865-931A-D2DD2F6F966B}.Release|Any CPU.Build.0 = Release|Any CPU
	EndGlobalSection
	GlobalSection(SolutionProperties) = preSolution
		HideSolutionNode = FALSE
	EndGlobalSection
	GlobalSection(ExtensibilityGlobals) = postSolution
		SolutionGuid = {2BBF5FAD-BA68-4D27-A387-ACD285671AF3}
	EndGlobalSection
EndGlobal
